
Microsoft Visual Studio Solution File, Format Version 12.00
# Visual Studio 2013
VisualStudioVersion = 12.0.21005.1
MinimumVisualStudioVersion = 10.0.40219.1
Project("{FAE04EC0-301F-11D3-BF4B-00C04F79EFBC}") = "Terminal", "Terminal\Terminal.csproj", "{EB198544-931E-4B2B-8363-41935DB1F03E}"
EndProject
Project("{FAE04EC0-301F-11D3-BF4B-00C04F79EFBC}") = "Vision", "Vision\Vision.csproj", "{D6B61BA6-DA21-4789-9844-8B29DA141264}"
EndProject
Project("{FAE04EC0-301F-11D3-BF4B-00C04F79EFBC}") = "Anndrea_Interfaces", "Anndrea_Interfaces\Anndrea_Interfaces.csproj", "{7BF8BC45-341C-4E0F-8763-DABFDDF6A23B}"
EndProject
Project("{FAE04EC0-301F-11D3-BF4B-00C04F79EFBC}") = "Speech", "Speech\Speech.csproj", "{38A463FE-FD2D-4A26-B99E-73186FD5BC42}"
EndProject
Project("{FAE04EC0-301F-11D3-BF4B-00C04F79EFBC}") = "Anndrea", "Anndrea\Anndrea.csproj", "{12F1E70A-7A88-4BD1-8F75-267247A04B30}"
EndProject
Project("{FAE04EC0-301F-11D3-BF4B-00C04F79EFBC}") = "Mind", "Mind\Mind.csproj", "{D058DDD2-03C2-47FB-870A-05EE6680C84A}"
EndProject
Global
	GlobalSection(SolutionConfigurationPlatforms) = preSolution
		Debug|Any CPU = Debug|Any CPU
		Release|Any CPU = Release|Any CPU
	EndGlobalSection
	GlobalSection(ProjectConfigurationPlatforms) = postSolution
		{EB198544-931E-4B2B-8363-41935DB1F03E}.Debug|Any CPU.ActiveCfg = Debug|Any CPU
		{EB198544-931E-4B2B-8363-41935DB1F03E}.Debug|Any CPU.Build.0 = Debug|Any CPU
		{EB198544-931E-4B2B-8363-41935DB1F03E}.Release|Any CPU.ActiveCfg = Release|Any CPU
		{EB198544-931E-4B2B-8363-41935DB1F03E}.Release|Any CPU.Build.0 = Release|Any CPU
		{D6B61BA6-DA21-4789-9844-8B29DA141264}.Debug|Any CPU.ActiveCfg = Debug|Any CPU
		{D6B61BA6-DA21-4789-9844-8B29DA141264}.Debug|Any CPU.Build.0 = Debug|Any CPU
		{D6B61BA6-DA21-4789-9844-8B29DA141264}.Release|Any CPU.ActiveCfg = Release|Any CPU
		{D6B61BA6-DA21-4789-9844-8B29DA141264}.Release|Any CPU.Build.0 = Release|Any CPU
		{7BF8BC45-341C-4E0F-8763-DABFDDF6A23B}.Debug|Any CPU.ActiveCfg = Debug|Any CPU
		{7BF8BC45-341C-4E0F-8763-DABFDDF6A23B}.Debug|Any CPU.Build.0 = Debug|Any CPU
		{7BF8BC45-341C-4E0F-8763-DABFDDF6A23B}.Release|Any CPU.ActiveCfg = Release|Any CPU
		{7BF8BC45-341C-4E0F-8763-DABFDDF6A23B}.Release|Any CPU.Build.0 = Release|Any CPU
		{38A463FE-FD2D-4A26-B99E-73186FD5BC42}.Debug|Any CPU.ActiveCfg = Debug|Any CPU
		{38A463FE-FD2D-4A26-B99E-73186FD5BC42}.Debug|Any CPU.Build.0 = Debug|Any CPU
		{38A463FE-FD2D-4A26-B99E-73186FD5BC42}.Release|Any CPU.ActiveCfg = Release|Any CPU
		{38A463FE-FD2D-4A26-B99E-73186FD5BC42}.Release|Any CPU.Build.0 = Release|Any CPU
		{12F1E70A-7A88-4BD1-8F75-267247A04B30}.Debug|Any CPU.ActiveCfg = Debug|Any CPU
		{12F1E70A-7A88-4BD1-8F75-267247A04B30}.Debug|Any CPU.Build.0 = Debug|Any CPU
		{12F1E70A-7A88-4BD1-8F75-267247A04B30}.Release|Any CPU.ActiveCfg = Release|Any CPU
		{12F1E70A-7A88-4BD1-8F75-267247A04B30}.Release|Any CPU.Build.0 = Release|Any CPU
		{D058DDD2-03C2-47FB-870A-05EE6680C84A}.Debug|Any CPU.ActiveCfg = Debug|Any CPU
		{D058DDD2-03C2-47FB-870A-05EE6680C84A}.Debug|Any CPU.Build.0 = Debug|Any CPU
		{D058DDD2-03C2-47FB-870A-05EE6680C84A}.Release|Any CPU.ActiveCfg = Release|Any CPU
		{D058DDD2-03C2-47FB-870A-05EE6680C84A}.Release|Any CPU.Build.0 = Release|Any CPU
	EndGlobalSection
	GlobalSection(SolutionProperties) = preSolution
		HideSolutionNode = FALSE
	EndGlobalSection
EndGlobal
